
Microsoft Visual Studio Solution File, Format Version 12.00
# Visual Studio Version 17
VisualStudioVersion = 17.14.36414.22 d17.14
MinimumVisualStudioVersion = 10.0.40219.1
Project("{FAE04EC0-301F-11D3-BF4B-00C04F79EFBC}") = "2", "2\2.csproj", "{0EE5FBF7-E9BB-4F9D-BABA-65074EE83895}"
EndProject
Global
	GlobalSection(SolutionConfigurationPlatforms) = preSolution
		Debug|Any CPU = Debug|Any CPU
		Release|Any CPU = Release|Any CPU
	EndGlobalSection
	GlobalSection(ProjectConfigurationPlatforms) = postSolution
		{0EE5FBF7-E9BB-4F9D-BABA-65074EE83895}.Debug|Any CPU.ActiveCfg = Debug|Any CPU
		{0EE5FBF7-E9BB-4F9D-BABA-65074EE83895}.Debug|Any CPU.Build.0 = Debug|Any CPU
		{0EE5FBF7-E9BB-4F9D-BABA-65074EE83895}.Release|Any CPU.ActiveCfg = Release|Any CPU
		{0EE5FBF7-E9BB-4F9D-BABA-65074EE83895}.Release|Any CPU.Build.0 = Release|Any CPU
	EndGlobalSection
	GlobalSection(SolutionProperties) = preSolution
		HideSolutionNode = FALSE
	EndGlobalSection
	GlobalSection(ExtensibilityGlobals) = postSolution
		SolutionGuid = {19802DCA-F55C-495E-B96C-E7F73869C1DD}
	EndGlobalSection
EndGlobal
