
Microsoft Visual Studio Solution File, Format Version 12.00
# Visual Studio Version 17
VisualStudioVersion = 17.14.36414.22 d17.14
MinimumVisualStudioVersion = 10.0.40219.1
Project("{FAE04EC0-301F-11D3-BF4B-00C04F79EFBC}") = "2", "2\2.csproj", "{2B494E87-ADF3-4033-A16C-4F11C710F7AB}"
EndProject
Global
	GlobalSection(SolutionConfigurationPlatforms) = preSolution
		Debug|Any CPU = Debug|Any CPU
		Release|Any CPU = Release|Any CPU
	EndGlobalSection
	GlobalSection(ProjectConfigurationPlatforms) = postSolution
		{2B494E87-ADF3-4033-A16C-4F11C710F7AB}.Debug|Any CPU.ActiveCfg = Debug|Any CPU
		{2B494E87-ADF3-4033-A16C-4F11C710F7AB}.Debug|Any CPU.Build.0 = Debug|Any CPU
		{2B494E87-ADF3-4033-A16C-4F11C710F7AB}.Release|Any CPU.ActiveCfg = Release|Any CPU
		{2B494E87-ADF3-4033-A16C-4F11C710F7AB}.Release|Any CPU.Build.0 = Release|Any CPU
	EndGlobalSection
	GlobalSection(SolutionProperties) = preSolution
		HideSolutionNode = FALSE
	EndGlobalSection
	GlobalSection(ExtensibilityGlobals) = postSolution
		SolutionGuid = {7CD82BE7-6355-4CA2-A357-D8B342733B56}
	EndGlobalSection
EndGlobal
